
Microsoft Visual Studio Solution File, Format Version 12.00
# Visual Studio Version 17
VisualStudioVersion = 17.0.32014.148
MinimumVisualStudioVersion = 10.0.40219.1
Project("{9A19103F-16F7-4668-BE54-9A1E7A4F7556}") = "Packaging", "Packaging.csproj", "{F933C8DF-FD3E-450E-996F-E3DC2CF21C2A}"
EndProject
Global
	GlobalSection(SolutionConfigurationPlatforms) = preSolution
		Debug|Any CPU = Debug|Any CPU
		Release|Any CPU = Release|Any CPU
	EndGlobalSection
	GlobalSection(ProjectConfigurationPlatforms) = postSolution
		{F933C8DF-FD3E-450E-996F-E3DC2CF21C2A}.Debug|Any CPU.ActiveCfg = Debug|Any CPU
		{F933C8DF-FD3E-450E-996F-E3DC2CF21C2A}.Debug|Any CPU.Build.0 = Debug|Any CPU
		{F933C8DF-FD3E-450E-996F-E3DC2CF21C2A}.Release|Any CPU.ActiveCfg = Release|Any CPU
		{F933C8DF-FD3E-450E-996F-E3DC2CF21C2A}.Release|Any CPU.Build.0 = Release|Any CPU
	EndGlobalSection
	GlobalSection(SolutionProperties) = preSolution
		HideSolutionNode = FALSE
	EndGlobalSection
	GlobalSection(ExtensibilityGlobals) = postSolution
		SolutionGuid = {58E6CFE2-FAC7-4C39-A125-766127B6C69E}
	EndGlobalSection
EndGlobal
